schema: '2.0'
stages:
  data_ingestion:
    cmd: python -m src.data.data_ingestion
    deps:
    - path: src/data/data_ingestion.py
      hash: md5
      md5: 30f9f5980aa06d4ba0768dc6ee45b41d
      size: 2530
    params:
      params.yaml:
        data_ingestion.test_size: 0.25
    outs:
    - path: data/raw
      hash: md5
      md5: 435a082f7c0632dd8dcba2ffe348f18a.dir
      size: 733028
      nfiles: 2
  handled_outlier:
    cmd: python -m src.data.handle_outlier
    deps:
    - path: data/raw
      hash: md5
      md5: 435a082f7c0632dd8dcba2ffe348f18a.dir
      size: 733028
      nfiles: 2
    - path: src/data/handle_outlier.py
      hash: md5
      md5: de534292ea89827ee597f24db2886e2b
      size: 2675
    outs:
    - path: data/interim
      hash: md5
      md5: 343c163da41d2c6fca48998691e385f7.dir
      size: 755021
      nfiles: 2
  feature_transformed:
    cmd: python -m src.features.feature_transform
    deps:
    - path: data/interim
      hash: md5
      md5: 343c163da41d2c6fca48998691e385f7.dir
      size: 755021
      nfiles: 2
    - path: src/features/feature_transform.py
      hash: md5
      md5: 70709fbdbd388ad763b97ae18be2bf7d
      size: 4135
    outs:
    - path: data/processed
      hash: md5
      md5: cad6cea0167b7e5fe00a2cebf390cd89.dir
      size: 2950078
      nfiles: 2
  model_training:
    cmd: python -m src.model.train_model
    deps:
    - path: data/processed
      hash: md5
      md5: cad6cea0167b7e5fe00a2cebf390cd89.dir
      size: 2950078
      nfiles: 2
    - path: src/model/train_model.py
      hash: md5
      md5: 57ff71e0b5d5b5600096c365bc1f654b
      size: 2831
    params:
      params.yaml:
        model_parameters.max_depth: 3
        model_parameters.max_features: sqrt
        model_parameters.min_samples_leaf: 2
        model_parameters.n_estimators: 150
    outs:
    - path: models/rf_model.pkl
      hash: md5
      md5: 8ece0023db93dff573019a12245f895c
      size: 221289
  model_evaluation:
    cmd: python -m src.model.test_model
    deps:
    - path: data/processed
      hash: md5
      md5: cad6cea0167b7e5fe00a2cebf390cd89.dir
      size: 2950078
      nfiles: 2
    - path: models/
      hash: md5
      md5: 6955b9ce954e23da0ff2736ccebe5f4c.dir
      size: 223351
      nfiles: 3
    - path: src/model/test_model.py
      hash: md5
      md5: d60ade1d427a783198a14320a320f5ed
      size: 5418
    outs:
    - path: reports
      hash: md5
      md5: f6db0034fa561d7c30af59c9d59490e2.dir
      size: 109
      nfiles: 1
  register_model:
    cmd: python -m src.model.register_model
    deps:
    - path: reports/
      hash: md5
      md5: f6db0034fa561d7c30af59c9d59490e2.dir
      size: 109
      nfiles: 1
    - path: src/model/register_model.py
      hash: md5
      md5: 6a32bd9cc555db2e9325079110b3d58d
      size: 2502
