schema: '2.0'
stages:
  data_ingestion:
    cmd: python -m src.data.data_ingestion
    deps:
    - path: src/data/data_ingestion.py
      hash: md5
      md5: 30f9f5980aa06d4ba0768dc6ee45b41d
      size: 2530
    params:
      params.yaml:
        data_ingestion.test_size: 0.25
    outs:
    - path: data/raw
      hash: md5
      md5: 435a082f7c0632dd8dcba2ffe348f18a.dir
      size: 733028
      nfiles: 2
